{
  "version": 4,
  "terraform_version": "1.7.4",
  "serial": 504,
  "lineage": "3cdcca3b-acd8-36dc-9b45-4ffa3a95dbe0",
  "outputs": {},
  "resources": [
    {
      "mode": "data",
      "type": "huaweicloud_availability_zones",
      "name": "azs",
      "provider": "provider[\"registry.terraform.io/huaweicloud/huaweicloud\"]",
      "instances": [
        {
          "schema_version": 0,
          "attributes": {
            "id": "3120162365",
            "names": [
              "sa-brazil-1a",
              "sa-brazil-1b",
              "sa-brazil-1c"
            ],
            "region": "sa-brazil-1",
            "state": "available"
          },
          "sensitive_attributes": []
        }
      ]
    },
    {
      "mode": "data",
      "type": "huaweicloud_availability_zones",
      "name": "st",
      "provider": "provider[\"registry.terraform.io/huaweicloud/huaweicloud\"]",
      "instances": [
        {
          "schema_version": 0,
          "attributes": {
            "id": "2388820229",
            "names": [
              "la-south-2a",
              "la-south-2b"
            ],
            "region": "la-south-2",
            "state": "available"
          },
          "sensitive_attributes": []
        }
      ]
    },
    {
      "mode": "data",
      "type": "huaweicloud_elb_flavors",
      "name": "flavors_l4",
      "provider": "provider[\"registry.terraform.io/huaweicloud/huaweicloud\"]",
      "instances": [
        {
          "schema_version": 0,
          "attributes": {
            "bandwidth": null,
            "cps": null,
            "flavors": [
              {
                "bandwidth": 50,
                "cps": 10000,
                "id": "13973866-4be6-46a1-998c-33ac66da8d0b",
                "max_connections": 500000,
                "name": "L4_flavor.elb.s1.small",
                "qps": 0,
                "type": "L4"
              },
              {
                "bandwidth": 1000,
                "cps": 200000,
                "id": "1791005c-7508-4202-baab-68a0958611b6",
                "max_connections": 10000000,
                "name": "L4_flavor.elb.s1.large",
                "qps": 0,
                "type": "L4"
              },
              {
                "bandwidth": 100,
                "cps": 20000,
                "id": "224b0047-0b7d-40f3-bd04-0cd8846a2386",
                "max_connections": 1000000,
                "name": "L4_flavor.elb.s2.small",
                "qps": 0,
                "type": "L4"
              },
              {
                "bandwidth": 2000,
                "cps": 400000,
                "id": "5b2533cc-771e-43be-a7df-ec7b54c03bad",
                "max_connections": 20000000,
                "name": "L4_flavor.elb.s2.large",
                "qps": 0,
                "type": "L4"
              },
              {
                "bandwidth": 400,
                "cps": 80000,
                "id": "689b8be0-ffe3-42e6-a6b0-52a8e48a06e8",
                "max_connections": 4000000,
                "name": "L4_flavor.elb.s2.medium",
                "qps": 0,
                "type": "L4"
              },
              {
                "bandwidth": 200,
                "cps": 40000,
                "id": "9c2ba85d-fffc-49ec-bc6c-754ad74b6c65",
                "max_connections": 2000000,
                "name": "L4_flavor.elb.s1.medium",
                "qps": 0,
                "type": "L4"
              }
            ],
            "id": "3198790631",
            "ids": [
              "13973866-4be6-46a1-998c-33ac66da8d0b",
              "1791005c-7508-4202-baab-68a0958611b6",
              "224b0047-0b7d-40f3-bd04-0cd8846a2386",
              "5b2533cc-771e-43be-a7df-ec7b54c03bad",
              "689b8be0-ffe3-42e6-a6b0-52a8e48a06e8",
              "9c2ba85d-fffc-49ec-bc6c-754ad74b6c65"
            ],
            "max_connections": null,
            "qps": null,
            "region": "sa-brazil-1",
            "type": "L4"
          },
          "sensitive_attributes": []
        }
      ]
    },
    {
      "mode": "data",
      "type": "huaweicloud_elb_flavors",
      "name": "flavors_l7",
      "provider": "provider[\"registry.terraform.io/huaweicloud/huaweicloud\"]",
      "instances": [
        {
          "schema_version": 0,
          "attributes": {
            "bandwidth": null,
            "cps": null,
            "flavors": [
              {
                "bandwidth": 200,
                "cps": 8000,
                "id": "07c1a4a6-5913-4868-95a4-374490aa6508",
                "max_connections": 800000,
                "name": "L7_flavor.elb.s1.medium",
                "qps": 16000,
                "type": "L7"
              },
              {
                "bandwidth": 1000,
                "cps": 40000,
                "id": "4a49eedb-fb35-40f8-abb7-91f739ae14b8",
                "max_connections": 4000000,
                "name": "L7_flavor.elb.s1.large",
                "qps": 80000,
                "type": "L7"
              },
              {
                "bandwidth": 400,
                "cps": 20000,
                "id": "94de57b1-356a-497a-b7e6-3c09fa598ed8",
                "max_connections": 2000000,
                "name": "L7_flavor.elb.s2.medium",
                "qps": 40000,
                "type": "L7"
              },
              {
                "bandwidth": 100,
                "cps": 4000,
                "id": "9c490dad-a493-4012-85f8-e210af9ddb25",
                "max_connections": 400000,
                "name": "L7_flavor.elb.s2.small",
                "qps": 8000,
                "type": "L7"
              },
              {
                "bandwidth": 50,
                "cps": 2000,
                "id": "c8e6a969-76ab-441f-acc9-af101483b042",
                "max_connections": 200000,
                "name": "L7_flavor.elb.s1.small",
                "qps": 4000,
                "type": "L7"
              },
              {
                "bandwidth": 2000,
                "cps": 80000,
                "id": "e5e9af3f-9361-46f5-bfbd-9d17a12a7b00",
                "max_connections": 8000000,
                "name": "L7_flavor.elb.s2.large",
                "qps": 160000,
                "type": "L7"
              }
            ],
            "id": "3826017417",
            "ids": [
              "07c1a4a6-5913-4868-95a4-374490aa6508",
              "4a49eedb-fb35-40f8-abb7-91f739ae14b8",
              "94de57b1-356a-497a-b7e6-3c09fa598ed8",
              "9c490dad-a493-4012-85f8-e210af9ddb25",
              "c8e6a969-76ab-441f-acc9-af101483b042",
              "e5e9af3f-9361-46f5-bfbd-9d17a12a7b00"
            ],
            "max_connections": null,
            "qps": null,
            "region": "sa-brazil-1",
            "type": "L7"
          },
          "sensitive_attributes": []
        }
      ]
    },
    {
      "mode": "managed",
      "type": "huaweicloud_networking_secgroup",
      "name": "secgroup",
      "provider": "provider[\"registry.terraform.io/huaweicloud/huaweicloud\"]",
      "instances": [
        {
          "schema_version": 0,
          "attributes": {
            "created_at": "2024-03-21T14:21:27Z",
            "delete_default_rules": true,
            "description": "",
            "enterprise_project_id": "0",
            "id": "95bf55b4-83bf-4b39-bc57-a226b594eea3",
            "name": "sg-tf",
            "region": "sa-brazil-1",
            "rules": [],
            "timeouts": null,
            "updated_at": "2024-03-21T14:21:27Z"
          },
          "sensitive_attributes": [],
          "private": "eyJlMmJmYjczMC1lY2FhLTExZTYtOGY4OC0zNDM2M2JjN2M0YzAiOnsiZGVsZXRlIjo2MDAwMDAwMDAwMDB9fQ=="
        }
      ]
    },
    {
      "mode": "managed",
      "type": "huaweicloud_networking_secgroup_rule",
      "name": "secgroup_rule",
      "provider": "provider[\"registry.terraform.io/huaweicloud/huaweicloud\"]",
      "instances": [
        {
          "index_key": "egress",
          "schema_version": 0,
          "attributes": {
            "action": "allow",
            "description": "",
            "direction": "egress",
            "ethertype": "IPv4",
            "id": "4296893f-be8f-4c71-b3ba-cb44b9277003",
            "port_range_max": 65535,
            "port_range_min": 1,
            "ports": "1-65535",
            "priority": 1,
            "protocol": "tcp",
            "region": "sa-brazil-1",
            "remote_address_group_id": "",
            "remote_group_id": "",
            "remote_ip_prefix": "0.0.0.0/0",
            "security_group_id": "95bf55b4-83bf-4b39-bc57-a226b594eea3",
            "timeouts": null
          },
          "sensitive_attributes": [],
          "private": "eyJlMmJmYjczMC1lY2FhLTExZTYtOGY4OC0zNDM2M2JjN2M0YzAiOnsiZGVsZXRlIjo2MDAwMDAwMDAwMDB9fQ==",
          "dependencies": [
            "huaweicloud_networking_secgroup.secgroup"
          ]
        },
        {
          "index_key": "ingress",
          "schema_version": 0,
          "attributes": {
            "action": "allow",
            "description": "",
            "direction": "ingress",
            "ethertype": "IPv4",
            "id": "3cb695b8-5921-4ff7-9bb8-8f7cfdd0b9d4",
            "port_range_max": 0,
            "port_range_min": 0,
            "ports": "22,80",
            "priority": 1,
            "protocol": "tcp",
            "region": "sa-brazil-1",
            "remote_address_group_id": "",
            "remote_group_id": "",
            "remote_ip_prefix": "0.0.0.0/0",
            "security_group_id": "95bf55b4-83bf-4b39-bc57-a226b594eea3",
            "timeouts": null
          },
          "sensitive_attributes": [],
          "private": "eyJlMmJmYjczMC1lY2FhLTExZTYtOGY4OC0zNDM2M2JjN2M0YzAiOnsiZGVsZXRlIjo2MDAwMDAwMDAwMDB9fQ==",
          "dependencies": [
            "huaweicloud_networking_secgroup.secgroup"
          ]
        }
      ]
    },
    {
      "mode": "managed",
      "type": "huaweicloud_smn_message_template",
      "name": "template",
      "provider": "provider[\"registry.terraform.io/huaweicloud/huaweicloud\"]",
      "instances": [
        {
          "index_key": "template-tf",
          "schema_version": 0,
          "attributes": {
            "content": "template para ecs",
            "id": "4199a6d37893458f819631360fc45a5d",
            "name": "template-tf",
            "protocol": "email",
            "region": "sa-brazil-1",
            "tag_names": []
          },
          "sensitive_attributes": [],
          "private": "bnVsbA=="
        }
      ]
    },
    {
      "mode": "managed",
      "type": "huaweicloud_smn_subscription",
      "name": "subscription",
      "provider": "provider[\"registry.terraform.io/huaweicloud/huaweicloud\"]",
      "instances": [
        {
          "index_key": "matheus.grandisoli.morato@huawei.com",
          "schema_version": 0,
          "attributes": {
            "endpoint": "matheus.grandisoli.morato@huawei.com",
            "extension": null,
            "id": "urn:smn:sa-brazil-1:7168eccf004f4b9d839fa4dc63030987:topic-tf:aab874eeaf9a446ba04a3ad12cc9cd41",
            "owner": "7168eccf004f4b9d839fa4dc63030987",
            "protocol": "email",
            "region": "sa-brazil-1",
            "remark": "O\u0026M",
            "status": 0,
            "subscription_urn": "urn:smn:sa-brazil-1:7168eccf004f4b9d839fa4dc63030987:topic-tf:aab874eeaf9a446ba04a3ad12cc9cd41",
            "topic_urn": "urn:smn:sa-brazil-1:7168eccf004f4b9d839fa4dc63030987:topic-tf"
          },
          "sensitive_attributes": [],
          "private": "bnVsbA==",
          "dependencies": [
            "huaweicloud_smn_topic.topic"
          ]
        }
      ]
    },
    {
      "mode": "managed",
      "type": "huaweicloud_smn_topic",
      "name": "topic",
      "provider": "provider[\"registry.terraform.io/huaweicloud/huaweicloud\"]",
      "instances": [
        {
          "index_key": "topic-tf",
          "schema_version": 0,
          "attributes": {
            "access_policy": null,
            "create_time": "2024-03-21T14:21:27Z",
            "display_name": "Topic 1",
            "enterprise_project_id": "0",
            "id": "urn:smn:sa-brazil-1:7168eccf004f4b9d839fa4dc63030987:topic-tf",
            "introduction": "",
            "name": "topic-tf",
            "push_policy": 0,
            "region": "sa-brazil-1",
            "services_publish_allowed": "",
            "tags": null,
            "topic_urn": "urn:smn:sa-brazil-1:7168eccf004f4b9d839fa4dc63030987:topic-tf",
            "update_time": "2024-03-21T14:21:27Z",
            "users_publish_allowed": ""
          },
          "sensitive_attributes": [],
          "private": "bnVsbA=="
        }
      ]
    },
    {
      "mode": "managed",
      "type": "huaweicloud_vpc",
      "name": "vpc",
      "provider": "provider[\"registry.terraform.io/huaweicloud/huaweicloud\"]",
      "instances": [
        {
          "schema_version": 0,
          "attributes": {
            "cidr": "192.168.0.0/16",
            "description": "",
            "enterprise_project_id": "0",
            "id": "c7f1c4e3-244f-47aa-92a3-f9991991558a",
            "name": "vpc-tf",
            "region": "sa-brazil-1",
            "routes": [],
            "secondary_cidr": null,
            "secondary_cidrs": [],
            "status": "OK",
            "tags": null,
            "timeouts": null
          },
          "sensitive_attributes": [],
          "private": "eyJlMmJmYjczMC1lY2FhLTExZTYtOGY4OC0zNDM2M2JjN2M0YzAiOnsiY3JlYXRlIjo2MDAwMDAwMDAwMDAsImRlbGV0ZSI6MTgwMDAwMDAwMDAwfX0="
        }
      ]
    },
    {
      "mode": "managed",
      "type": "huaweicloud_vpc_subnet",
      "name": "subnet",
      "provider": "provider[\"registry.terraform.io/huaweicloud/huaweicloud\"]",
      "instances": [
        {
          "index_key": "subnet-tf",
          "schema_version": 0,
          "attributes": {
            "availability_zone": "",
            "cidr": "192.168.0.0/24",
            "description": "",
            "dhcp_enable": true,
            "dhcp_lease_time": null,
            "dns_list": [
              "100.125.1.22",
              "100.125.1.90"
            ],
            "gateway_ip": "192.168.0.1",
            "id": "cb6dd1b3-9c40-4f51-bef7-be46ae9cf420",
            "ipv4_subnet_id": "59ed163e-f76e-4a29-99d7-4ebd30246f80",
            "ipv6_cidr": "",
            "ipv6_enable": false,
            "ipv6_gateway": "",
            "ipv6_subnet_id": "",
            "name": "subnet-tf",
            "ntp_server_address": null,
            "primary_dns": "100.125.1.22",
            "region": "sa-brazil-1",
            "secondary_dns": "100.125.1.90",
            "subnet_id": "59ed163e-f76e-4a29-99d7-4ebd30246f80",
            "tags": null,
            "timeouts": null,
            "vpc_id": "c7f1c4e3-244f-47aa-92a3-f9991991558a"
          },
          "sensitive_attributes": [],
          "private": "eyJlMmJmYjczMC1lY2FhLTExZTYtOGY4OC0zNDM2M2JjN2M0YzAiOnsiY3JlYXRlIjozMDAwMDAwMDAwMDAsImRlbGV0ZSI6NjAwMDAwMDAwMDAwfX0=",
          "dependencies": [
            "huaweicloud_vpc.vpc"
          ]
        },
        {
          "index_key": "subnet-tf2",
          "schema_version": 0,
          "attributes": {
            "availability_zone": "",
            "cidr": "192.168.1.0/24",
            "description": "",
            "dhcp_enable": true,
            "dhcp_lease_time": null,
            "dns_list": [
              "100.125.1.22",
              "100.125.1.90"
            ],
            "gateway_ip": "192.168.1.1",
            "id": "9c03c127-1e05-44d5-b935-59e6c3bade8b",
            "ipv4_subnet_id": "38efdb27-15f4-4dc3-b4aa-c76c66b8470d",
            "ipv6_cidr": "",
            "ipv6_enable": false,
            "ipv6_gateway": "",
            "ipv6_subnet_id": "",
            "name": "subnet-tf2",
            "ntp_server_address": null,
            "primary_dns": "100.125.1.22",
            "region": "sa-brazil-1",
            "secondary_dns": "100.125.1.90",
            "subnet_id": "38efdb27-15f4-4dc3-b4aa-c76c66b8470d",
            "tags": null,
            "timeouts": null,
            "vpc_id": "c7f1c4e3-244f-47aa-92a3-f9991991558a"
          },
          "sensitive_attributes": [],
          "private": "eyJlMmJmYjczMC1lY2FhLTExZTYtOGY4OC0zNDM2M2JjN2M0YzAiOnsiY3JlYXRlIjozMDAwMDAwMDAwMDAsImRlbGV0ZSI6NjAwMDAwMDAwMDAwfX0=",
          "dependencies": [
            "huaweicloud_vpc.vpc"
          ]
        }
      ]
    }
  ],
  "check_results": null
}
